
Microsoft Visual Studio Solution File, Format Version 12.00
# Visual Studio Version 17
VisualStudioVersion = 17.14.36221.1
MinimumVisualStudioVersion = 10.0.40219.1
Project("{FAE04EC0-301F-11D3-BF4B-00C04F79EFBC}") = "Domain", "Domain\Domain.csproj", "{C2155D18-EE4B-47C0-84F9-AD833D387F6B}"
EndProject
Project("{FAE04EC0-301F-11D3-BF4B-00C04F79EFBC}") = "Host", "Host\Host.csproj", "{BECFC468-3411-4729-8648-69F44AC52538}"
EndProject
Project("{FAE04EC0-301F-11D3-BF4B-00C04F79EFBC}") = "Application", "Application\Application.csproj", "{86A0907D-5CBA-4BA8-841D-7C3E851D37AA}"
	ProjectSection(ProjectDependencies) = postProject
		{C2155D18-EE4B-47C0-84F9-AD833D387F6B} = {C2155D18-EE4B-47C0-84F9-AD833D387F6B}
	EndProjectSection
EndProject
Project("{FAE04EC0-301F-11D3-BF4B-00C04F79EFBC}") = "Tests", "Tests\Tests.csproj", "{2CB73979-A95E-4BD6-B0BD-E5FCC2E77DDE}"
	ProjectSection(ProjectDependencies) = postProject
		{BECFC468-3411-4729-8648-69F44AC52538} = {BECFC468-3411-4729-8648-69F44AC52538}
	EndProjectSection
EndProject
Project("{FAE04EC0-301F-11D3-BF4B-00C04F79EFBC}") = "Infrastructures", "Infrastructures\Infrastructures.csproj", "{5B3ABC69-885A-41A4-9E67-5EF0FA168278}"
	ProjectSection(ProjectDependencies) = postProject
		{86A0907D-5CBA-4BA8-841D-7C3E851D37AA} = {86A0907D-5CBA-4BA8-841D-7C3E851D37AA}
	EndProjectSection
EndProject
Global
	GlobalSection(SolutionConfigurationPlatforms) = preSolution
		Debug|Any CPU = Debug|Any CPU
		Release|Any CPU = Release|Any CPU
	EndGlobalSection
	GlobalSection(ProjectConfigurationPlatforms) = postSolution
		{C2155D18-EE4B-47C0-84F9-AD833D387F6B}.Debug|Any CPU.ActiveCfg = Debug|Any CPU
		{C2155D18-EE4B-47C0-84F9-AD833D387F6B}.Debug|Any CPU.Build.0 = Debug|Any CPU
		{C2155D18-EE4B-47C0-84F9-AD833D387F6B}.Release|Any CPU.ActiveCfg = Release|Any CPU
		{C2155D18-EE4B-47C0-84F9-AD833D387F6B}.Release|Any CPU.Build.0 = Release|Any CPU
		{BECFC468-3411-4729-8648-69F44AC52538}.Debug|Any CPU.ActiveCfg = Debug|Any CPU
		{BECFC468-3411-4729-8648-69F44AC52538}.Debug|Any CPU.Build.0 = Debug|Any CPU
		{BECFC468-3411-4729-8648-69F44AC52538}.Release|Any CPU.ActiveCfg = Release|Any CPU
		{BECFC468-3411-4729-8648-69F44AC52538}.Release|Any CPU.Build.0 = Release|Any CPU
		{86A0907D-5CBA-4BA8-841D-7C3E851D37AA}.Debug|Any CPU.ActiveCfg = Debug|Any CPU
		{86A0907D-5CBA-4BA8-841D-7C3E851D37AA}.Debug|Any CPU.Build.0 = Debug|Any CPU
		{86A0907D-5CBA-4BA8-841D-7C3E851D37AA}.Release|Any CPU.ActiveCfg = Release|Any CPU
		{86A0907D-5CBA-4BA8-841D-7C3E851D37AA}.Release|Any CPU.Build.0 = Release|Any CPU
		{2CB73979-A95E-4BD6-B0BD-E5FCC2E77DDE}.Debug|Any CPU.ActiveCfg = Debug|Any CPU
		{2CB73979-A95E-4BD6-B0BD-E5FCC2E77DDE}.Debug|Any CPU.Build.0 = Debug|Any CPU
		{2CB73979-A95E-4BD6-B0BD-E5FCC2E77DDE}.Release|Any CPU.ActiveCfg = Release|Any CPU
		{2CB73979-A95E-4BD6-B0BD-E5FCC2E77DDE}.Release|Any CPU.Build.0 = Release|Any CPU
		{5B3ABC69-885A-41A4-9E67-5EF0FA168278}.Debug|Any CPU.ActiveCfg = Debug|Any CPU
		{5B3ABC69-885A-41A4-9E67-5EF0FA168278}.Debug|Any CPU.Build.0 = Debug|Any CPU
		{5B3ABC69-885A-41A4-9E67-5EF0FA168278}.Release|Any CPU.ActiveCfg = Release|Any CPU
		{5B3ABC69-885A-41A4-9E67-5EF0FA168278}.Release|Any CPU.Build.0 = Release|Any CPU
	EndGlobalSection
	GlobalSection(SolutionProperties) = preSolution
		HideSolutionNode = FALSE
	EndGlobalSection
	GlobalSection(ExtensibilityGlobals) = postSolution
		SolutionGuid = {C234F8B5-02CE-402E-A431-2ADCFC1E16C0}
	EndGlobalSection
EndGlobal
